
Microsoft Visual Studio Solution File, Format Version 12.00
# Visual Studio 2017
Project("{FAE04EC0-301F-11D3-BF4B-00C04F79EFBC}") = "p2.1 eindweek", "p2.1 eindweek.csproj", "{5B1CD764-D45A-0FF4-4DC6-26A61E8153F6}"
EndProject
Project("{FAE04EC0-301F-11D3-BF4B-00C04F79EFBC}") = "p2.1 eindweek.Editor.Plugins", "p2.1 eindweek.Editor.Plugins.csproj", "{AE08EAB4-83DC-39CF-F860-23312C1E0950}"
EndProject
Global
	GlobalSection(SolutionConfigurationPlatforms) = preSolution
		Debug|Any CPU = Debug|Any CPU
		Release|Any CPU = Release|Any CPU
	EndGlobalSection
	GlobalSection(ProjectConfigurationPlatforms) = postSolution
		{5B1CD764-D45A-0FF4-4DC6-26A61E8153F6}.Debug|Any CPU.ActiveCfg = Debug|Any CPU
		{5B1CD764-D45A-0FF4-4DC6-26A61E8153F6}.Debug|Any CPU.Build.0 = Debug|Any CPU
		{5B1CD764-D45A-0FF4-4DC6-26A61E8153F6}.Release|Any CPU.ActiveCfg = Release|Any CPU
		{5B1CD764-D45A-0FF4-4DC6-26A61E8153F6}.Release|Any CPU.Build.0 = Release|Any CPU
		{AE08EAB4-83DC-39CF-F860-23312C1E0950}.Debug|Any CPU.ActiveCfg = Debug|Any CPU
		{AE08EAB4-83DC-39CF-F860-23312C1E0950}.Debug|Any CPU.Build.0 = Debug|Any CPU
		{AE08EAB4-83DC-39CF-F860-23312C1E0950}.Release|Any CPU.ActiveCfg = Release|Any CPU
		{AE08EAB4-83DC-39CF-F860-23312C1E0950}.Release|Any CPU.Build.0 = Release|Any CPU
	EndGlobalSection
	GlobalSection(SolutionProperties) = preSolution
		HideSolutionNode = FALSE
	EndGlobalSection
EndGlobal
